
Microsoft Visual Studio Solution File, Format Version 12.00
# Visual Studio Version 17
VisualStudioVersion = 17.2.32630.192
MinimumVisualStudioVersion = 10.0.40219.1
Project("{FAE04EC0-301F-11D3-BF4B-00C04F79EFBC}") = "ExercicioFixacaoExpressoesLambda", "ExercicioFixacaoExpressoesLambda\ExercicioFixacaoExpressoesLambda.csproj", "{1E7CE1F1-9892-450D-AFB1-82B641283A48}"
EndProject
Global
	GlobalSection(SolutionConfigurationPlatforms) = preSolution
		Debug|Any CPU = Debug|Any CPU
		Release|Any CPU = Release|Any CPU
	EndGlobalSection
	GlobalSection(ProjectConfigurationPlatforms) = postSolution
		{1E7CE1F1-9892-450D-AFB1-82B641283A48}.Debug|Any CPU.ActiveCfg = Debug|Any CPU
		{1E7CE1F1-9892-450D-AFB1-82B641283A48}.Debug|Any CPU.Build.0 = Debug|Any CPU
		{1E7CE1F1-9892-450D-AFB1-82B641283A48}.Release|Any CPU.ActiveCfg = Release|Any CPU
		{1E7CE1F1-9892-450D-AFB1-82B641283A48}.Release|Any CPU.Build.0 = Release|Any CPU
	EndGlobalSection
	GlobalSection(SolutionProperties) = preSolution
		HideSolutionNode = FALSE
	EndGlobalSection
	GlobalSection(ExtensibilityGlobals) = postSolution
		SolutionGuid = {B9A87D6B-EF86-448C-B8D4-3F14EC9C5584}
	EndGlobalSection
EndGlobal
